
Microsoft Visual Studio Solution File, Format Version 12.00
# Visual Studio Version 16
VisualStudioVersion = 16.0.33130.400
MinimumVisualStudioVersion = 10.0.40219.1
Project("{FAE04EC0-301F-11D3-BF4B-00C04F79EFBC}") = "Clientes", "Clientes\Clientes.csproj", "{42EFDC57-5584-4777-9E42-AC811CB7DA61}"
EndProject
Global
	GlobalSection(SolutionConfigurationPlatforms) = preSolution
		Debug|Any CPU = Debug|Any CPU
		Release|Any CPU = Release|Any CPU
	EndGlobalSection
	GlobalSection(ProjectConfigurationPlatforms) = postSolution
		{42EFDC57-5584-4777-9E42-AC811CB7DA61}.Debug|Any CPU.ActiveCfg = Debug|Any CPU
		{42EFDC57-5584-4777-9E42-AC811CB7DA61}.Debug|Any CPU.Build.0 = Debug|Any CPU
		{42EFDC57-5584-4777-9E42-AC811CB7DA61}.Release|Any CPU.ActiveCfg = Release|Any CPU
		{42EFDC57-5584-4777-9E42-AC811CB7DA61}.Release|Any CPU.Build.0 = Release|Any CPU
	EndGlobalSection
	GlobalSection(SolutionProperties) = preSolution
		HideSolutionNode = FALSE
	EndGlobalSection
	GlobalSection(ExtensibilityGlobals) = postSolution
		SolutionGuid = {C308229F-7BDC-4827-B5B9-8502855364EE}
	EndGlobalSection
EndGlobal
